PODS:
  - cdebug (1.3)
  - FoundationExtension (2.1.0):
    - cdebug (~> 1.3)
    - FoundationExtension/FoundationExtension (= 2.1.0)
    - FoundationExtension/FoundationExtensionRC (= 2.1.0)
  - FoundationExtension/FoundationExtension (2.1.0):
    - cdebug (~> 1.3)
    - FoundationExtension/FoundationExtensionRC
  - FoundationExtension/FoundationExtensionRC (2.1.0):
    - cdebug (~> 1.3)
  - Fuse (1.4.0)
  - MASShortcut (2.4.0)

DEPENDENCIES:
  - cdebug
  - FoundationExtension (~> 2.1.0)
  - Fuse (~> 1.4.0)
  - MASShortcut

SPEC REPOS:
  trunk:
    - cdebug
    - FoundationExtension
    - Fuse
    - MASShortcut

SPEC CHECKSUMS:
  cdebug: 0d0b7207fa996236ee9e07e5988e5e39a1d94a28
  FoundationExtension: 56c1c923c9a3bc69c5a5ac08c47c8f2f57b06288
  Fuse: 48eaf66d0c407c7f8b0ddb168888dc4637e87f14
  MASShortcut: d9e4909e878661cc42877cc9d6efbe638273ab57

PODFILE CHECKSUM: 1199b13ad3bb726eee54709cb69b0d8095d14352

COCOAPODS: 1.11.2
